
Microsoft Visual Studio Solution File, Format Version 12.00
# Visual Studio Version 16
VisualStudioVersion = 16.0.31205.134
MinimumVisualStudioVersion = 10.0.40219.1
Project("{9A19103F-16F7-4668-BE54-9A1E7A4F7556}") = "WebApplication", "WebApplication.csproj", "{427B181E-EB85-46F7-BC55-77E61CFA703A}"
EndProject
Project("{9A19103F-16F7-4668-BE54-9A1E7A4F7556}") = "Infracstruture", "..\Infracstruture\Infracstruture.csproj", "{54C1A574-DFB2-491D-96E9-CB4FE41124D9}"
EndProject
Project("{9A19103F-16F7-4668-BE54-9A1E7A4F7556}") = "Core", "..\Core\Core.csproj", "{5448319F-F391-4717-8E5A-C9C2DF37A007}"
EndProject
Global
	GlobalSection(SolutionConfigurationPlatforms) = preSolution
		Debug|Any CPU = Debug|Any CPU
		Release|Any CPU = Release|Any CPU
	EndGlobalSection
	GlobalSection(ProjectConfigurationPlatforms) = postSolution
		{427B181E-EB85-46F7-BC55-77E61CFA703A}.Debug|Any CPU.ActiveCfg = Debug|Any CPU
		{427B181E-EB85-46F7-BC55-77E61CFA703A}.Debug|Any CPU.Build.0 = Debug|Any CPU
		{427B181E-EB85-46F7-BC55-77E61CFA703A}.Release|Any CPU.ActiveCfg = Release|Any CPU
		{427B181E-EB85-46F7-BC55-77E61CFA703A}.Release|Any CPU.Build.0 = Release|Any CPU
		{54C1A574-DFB2-491D-96E9-CB4FE41124D9}.Debug|Any CPU.ActiveCfg = Debug|Any CPU
		{54C1A574-DFB2-491D-96E9-CB4FE41124D9}.Debug|Any CPU.Build.0 = Debug|Any CPU
		{54C1A574-DFB2-491D-96E9-CB4FE41124D9}.Release|Any CPU.ActiveCfg = Release|Any CPU
		{54C1A574-DFB2-491D-96E9-CB4FE41124D9}.Release|Any CPU.Build.0 = Release|Any CPU
		{5448319F-F391-4717-8E5A-C9C2DF37A007}.Debug|Any CPU.ActiveCfg = Debug|Any CPU
		{5448319F-F391-4717-8E5A-C9C2DF37A007}.Debug|Any CPU.Build.0 = Debug|Any CPU
		{5448319F-F391-4717-8E5A-C9C2DF37A007}.Release|Any CPU.ActiveCfg = Release|Any CPU
		{5448319F-F391-4717-8E5A-C9C2DF37A007}.Release|Any CPU.Build.0 = Release|Any CPU
	EndGlobalSection
	GlobalSection(SolutionProperties) = preSolution
		HideSolutionNode = FALSE
	EndGlobalSection
	GlobalSection(ExtensibilityGlobals) = postSolution
		SolutionGuid = {9F3861E7-6AEC-4222-815B-7D67282140B1}
	EndGlobalSection
EndGlobal
